PODS:
  - DropDown (2.3.13)
  - GrowingTextView (0.7.2)
  - IQKeyboardManagerSwift (6.5.10)
  - SearchTextField (1.2.4)

DEPENDENCIES:
  - DropDown
  - GrowingTextView (= 0.7.2)
  - IQKeyboardManagerSwift
  - SearchTextField

SPEC REPOS:
  trunk:
    - DropDown
    - GrowingTextView
    - IQKeyboardManagerSwift
    - SearchTextField

SPEC CHECKSUMS:
  DropDown: 8a2116376c1981888557f72ec2ffc9a5e0e456ec
  GrowingTextView: 876bf42005b5e4a4fd740597db12caaf41f0fe6c
  IQKeyboardManagerSwift: 52962c76ab33532f15ad9f3ff4e5715eda5335bb
  SearchTextField: 40dc3cc57def5a211f263cac263622c163bbc25a

PODFILE CHECKSUM: c8ec99bf6ce5b17c1b6d980fc5fbfd3afb187736

COCOAPODS: 1.11.3
