// !$*UTF8*$!
{
	archiveVersion = 1;
	classes = {
	};
	objectVersion = 55;
	objects = {

/* Begin PBXBuildFile section */
		801538AD282273CD00DB4106 /* FormViewController.swift in Sources */ = {isa = PBXBuildFile; fileRef = 801538AC282273CD00DB4106 /* FormViewController.swift */; };
		80605B6B28200457004126C2 /* ReportViewController.swift in Sources */ = {isa = PBXBuildFile; fileRef = 80605B6A28200457004126C2 /* ReportViewController.swift */; };
		80605B6D28210162004126C2 /* ExpensesViewController.swift in Sources */ = {isa = PBXBuildFile; fileRef = 80605B6C28210162004126C2 /* ExpensesViewController.swift */; };
		80605B6F2821141A004126C2 /* SchoolViewController.swift in Sources */ = {isa = PBXBuildFile; fileRef = 80605B6E2821141A004126C2 /* SchoolViewController.swift */; };
		80605B712821142E004126C2 /* PartyViewController.swift in Sources */ = {isa = PBXBuildFile; fileRef = 80605B702821142E004126C2 /* PartyViewController.swift */; };
		806D14882822924C00631219 /* AddPartyViewController.swift in Sources */ = {isa = PBXBuildFile; fileRef = 806D14872822924C00631219 /* AddPartyViewController.swift */; };
		806D148A2823829A00631219 /* SelectionCommitteeViewController.swift in Sources */ = {isa = PBXBuildFile; fileRef = 806D14892823829A00631219 /* SelectionCommitteeViewController.swift */; };
		8071D39328928D1300E91BDC /* WebServices.swift in Sources */ = {isa = PBXBuildFile; fileRef = 8071D39228928D1300E91BDC /* WebServices.swift */; };
		8071D39628928E3F00E91BDC /* Login.swift in Sources */ = {isa = PBXBuildFile; fileRef = 8071D39528928E3F00E91BDC /* Login.swift */; };
		8073ED5D28913671009513BE /* Constant.swift in Sources */ = {isa = PBXBuildFile; fileRef = 8073ED5C28913671009513BE /* Constant.swift */; };
		807C637D285C681800D556A5 /* PrimaryViewController.swift in Sources */ = {isa = PBXBuildFile; fileRef = 807C637C285C681800D556A5 /* PrimaryViewController.swift */; };
		807C637F285C683900D556A5 /* IndividualViewController.swift in Sources */ = {isa = PBXBuildFile; fileRef = 807C637E285C683900D556A5 /* IndividualViewController.swift */; };
		807C6381285C685000D556A5 /* GroupViewController.swift in Sources */ = {isa = PBXBuildFile; fileRef = 807C6380285C685000D556A5 /* GroupViewController.swift */; };
		807C6387285C6B2500D556A5 /* IndividualViewControllerCell.swift in Sources */ = {isa = PBXBuildFile; fileRef = 807C6386285C6B2500D556A5 /* IndividualViewControllerCell.swift */; };
		807C6389285C6B4600D556A5 /* PrimaryViewControllerCell.swift in Sources */ = {isa = PBXBuildFile; fileRef = 807C6388285C6B4600D556A5 /* PrimaryViewControllerCell.swift */; };
		807C638B285C6B5E00D556A5 /* GroupViewControllerCell.swift in Sources */ = {isa = PBXBuildFile; fileRef = 807C638A285C6B5E00D556A5 /* GroupViewControllerCell.swift */; };
		80AB29322858A068009002F6 /* OrderViewController.swift in Sources */ = {isa = PBXBuildFile; fileRef = 80AB29312858A068009002F6 /* OrderViewController.swift */; };
		80AB2934285996B6009002F6 /* PaymentViewController.swift in Sources */ = {isa = PBXBuildFile; fileRef = 80AB2933285996B6009002F6 /* PaymentViewController.swift */; };
		80ABA7512859FF5F00AAEE4A /* OTPViewController.swift in Sources */ = {isa = PBXBuildFile; fileRef = 80ABA7502859FF5E00AAEE4A /* OTPViewController.swift */; };
		80B0274A281BDF1900B008D3 /* AppDelegate.swift in Sources */ = {isa = PBXBuildFile; fileRef = 80B02749281BDF1900B008D3 /* AppDelegate.swift */; };
		80B0274C281BDF1900B008D3 /* SceneDelegate.swift in Sources */ = {isa = PBXBuildFile; fileRef = 80B0274B281BDF1900B008D3 /* SceneDelegate.swift */; };
		80B02751281BDF1900B008D3 /* Main.storyboard in Resources */ = {isa = PBXBuildFile; fileRef = 80B0274F281BDF1900B008D3 /* Main.storyboard */; };
		80B02753281BDF1C00B008D3 /* Assets.xcassets in Resources */ = {isa = PBXBuildFile; fileRef = 80B02752281BDF1C00B008D3 /* Assets.xcassets */; };
		80B02756281BDF1C00B008D3 /* LaunchScreen.storyboard in Resources */ = {isa = PBXBuildFile; fileRef = 80B02754281BDF1C00B008D3 /* LaunchScreen.storyboard */; };
		80B02761281BDF1C00B008D3 /* Gurukul_PublicationsTests.swift in Sources */ = {isa = PBXBuildFile; fileRef = 80B02760281BDF1C00B008D3 /* Gurukul_PublicationsTests.swift */; };
		80B0276B281BDF1C00B008D3 /* Gurukul_PublicationsUITests.swift in Sources */ = {isa = PBXBuildFile; fileRef = 80B0276A281BDF1C00B008D3 /* Gurukul_PublicationsUITests.swift */; };
		80B0276D281BDF1C00B008D3 /* Gurukul_PublicationsUITestsLaunchTests.swift in Sources */ = {isa = PBXBuildFile; fileRef = 80B0276C281BDF1C00B008D3 /* Gurukul_PublicationsUITestsLaunchTests.swift */; };
		80B0278A281BE94A00B008D3 /* UIView+Extension.swift in Sources */ = {isa = PBXBuildFile; fileRef = 80B02789281BE94900B008D3 /* UIView+Extension.swift */; };
		80B0278C281BE95600B008D3 /* Extensions.swift in Sources */ = {isa = PBXBuildFile; fileRef = 80B0278B281BE95600B008D3 /* Extensions.swift */; };
		80B0278E281BED7D00B008D3 /* SignInViewController.swift in Sources */ = {isa = PBXBuildFile; fileRef = 80B0278D281BED7D00B008D3 /* SignInViewController.swift */; };
		80B02790281C0D1F00B008D3 /* HomeViewController.swift in Sources */ = {isa = PBXBuildFile; fileRef = 80B0278F281C0D1F00B008D3 /* HomeViewController.swift */; };
		80C6AA6F285C54060008E656 /* SampleListViewController.swift in Sources */ = {isa = PBXBuildFile; fileRef = 80C6AA6E285C54060008E656 /* SampleListViewController.swift */; };
		80D944A228239DE60077E958 /* PurposeOfVisitViewController.swift in Sources */ = {isa = PBXBuildFile; fileRef = 80D944A128239DE60077E958 /* PurposeOfVisitViewController.swift */; };
		9E7FA28DC135D742102407FB /* Pods_Gurukul_Publications.framework in Frameworks */ = {isa = PBXBuildFile; fileRef = D4B4651F53BABB66591EA6B7 /* Pods_Gurukul_Publications.framework */; };
/* End PBXBuildFile section */

/* Begin PBXContainerItemProxy section */
		80B0275D281BDF1C00B008D3 /* PBXContainerItemProxy */ = {
			isa = PBXContainerItemProxy;
			containerPortal = 80B0273E281BDF1900B008D3 /* Project object */;
			proxyType = 1;
			remoteGlobalIDString = 80B02745281BDF1900B008D3;
			remoteInfo = "Gurukul Publications";
		};
		80B02767281BDF1C00B008D3 /* PBXContainerItemProxy */ = {
			isa = PBXContainerItemProxy;
			containerPortal = 80B0273E281BDF1900B008D3 /* Project object */;
			proxyType = 1;
			remoteGlobalIDString = 80B02745281BDF1900B008D3;
			remoteInfo = "Gurukul Publications";
		};
/* End PBXContainerItemProxy section */

/* Begin PBXFileReference section */
		801538AC282273CD00DB4106 /* FormViewController.swift */ = {isa = PBXFileReference; lastKnownFileType = sourcecode.swift; path = FormViewController.swift; sourceTree = "<group>"; };
		80605B6A28200457004126C2 /* ReportViewController.swift */ = {isa = PBXFileReference; lastKnownFileType = sourcecode.swift; path = ReportViewController.swift; sourceTree = "<group>"; };
		80605B6C28210162004126C2 /* ExpensesViewController.swift */ = {isa = PBXFileReference; lastKnownFileType = sourcecode.swift; path = ExpensesViewController.swift; sourceTree = "<group>"; };
		80605B6E2821141A004126C2 /* SchoolViewController.swift */ = {isa = PBXFileReference; lastKnownFileType = sourcecode.swift; path = SchoolViewController.swift; sourceTree = "<group>"; };
		80605B702821142E004126C2 /* PartyViewController.swift */ = {isa = PBXFileReference; lastKnownFileType = sourcecode.swift; path = PartyViewController.swift; sourceTree = "<group>"; };
		806D14872822924C00631219 /* AddPartyViewController.swift */ = {isa = PBXFileReference; lastKnownFileType = sourcecode.swift; path = AddPartyViewController.swift; sourceTree = "<group>"; };
		806D14892823829A00631219 /* SelectionCommitteeViewController.swift */ = {isa = PBXFileReference; lastKnownFileType = sourcecode.swift; path = SelectionCommitteeViewController.swift; sourceTree = "<group>"; };
		8071D39228928D1300E91BDC /* WebServices.swift */ = {isa = PBXFileReference; lastKnownFileType = sourcecode.swift; path = WebServices.swift; sourceTree = "<group>"; };
		8071D39528928E3F00E91BDC /* Login.swift */ = {isa = PBXFileReference; lastKnownFileType = sourcecode.swift; path = Login.swift; sourceTree = "<group>"; };
		8073ED5C28913671009513BE /* Constant.swift */ = {isa = PBXFileReference; lastKnownFileType = sourcecode.swift; path = Constant.swift; sourceTree = "<group>"; };
		807C637C285C681800D556A5 /* PrimaryViewController.swift */ = {isa = PBXFileReference; lastKnownFileType = sourcecode.swift; path = PrimaryViewController.swift; sourceTree = "<group>"; };
		807C637E285C683900D556A5 /* IndividualViewController.swift */ = {isa = PBXFileReference; lastKnownFileType = sourcecode.swift; path = IndividualViewController.swift; sourceTree = "<group>"; };
		807C6380285C685000D556A5 /* GroupViewController.swift */ = {isa = PBXFileReference; lastKnownFileType = sourcecode.swift; path = GroupViewController.swift; sourceTree = "<group>"; };
		807C6386285C6B2500D556A5 /* IndividualViewControllerCell.swift */ = {isa = PBXFileReference; lastKnownFileType = sourcecode.swift; path = IndividualViewControllerCell.swift; sourceTree = "<group>"; };
		807C6388285C6B4600D556A5 /* PrimaryViewControllerCell.swift */ = {isa = PBXFileReference; lastKnownFileType = sourcecode.swift; path = PrimaryViewControllerCell.swift; sourceTree = "<group>"; };
		807C638A285C6B5E00D556A5 /* GroupViewControllerCell.swift */ = {isa = PBXFileReference; lastKnownFileType = sourcecode.swift; path = GroupViewControllerCell.swift; sourceTree = "<group>"; };
		80AB29312858A068009002F6 /* OrderViewController.swift */ = {isa = PBXFileReference; lastKnownFileType = sourcecode.swift; path = OrderViewController.swift; sourceTree = "<group>"; };
		80AB2933285996B6009002F6 /* PaymentViewController.swift */ = {isa = PBXFileReference; lastKnownFileType = sourcecode.swift; path = PaymentViewController.swift; sourceTree = "<group>"; };
		80ABA7502859FF5E00AAEE4A /* OTPViewController.swift */ = {isa = PBXFileReference; lastKnownFileType = sourcecode.swift; path = OTPViewController.swift; sourceTree = "<group>"; };
		80B02746281BDF1900B008D3 /* Gurukul Publications.app */ = {isa = PBXFileReference; explicitFileType = wrapper.application; includeInIndex = 0; path = "Gurukul Publications.app"; sourceTree = BUILT_PRODUCTS_DIR; };
		80B02749281BDF1900B008D3 /* AppDelegate.swift */ = {isa = PBXFileReference; lastKnownFileType = sourcecode.swift; path = AppDelegate.swift; sourceTree = "<group>"; };
		80B0274B281BDF1900B008D3 /* SceneDelegate.swift */ = {isa = PBXFileReference; lastKnownFileType = sourcecode.swift; path = SceneDelegate.swift; sourceTree = "<group>"; };
		80B02750281BDF1900B008D3 /* Base */ = {isa = PBXFileReference; lastKnownFileType = file.storyboard; name = Base; path = Base.lproj/Main.storyboard; sourceTree = "<group>"; };
		80B02752281BDF1C00B008D3 /* Assets.xcassets */ = {isa = PBXFileReference; lastKnownFileType = folder.assetcatalog; path = Assets.xcassets; sourceTree = "<group>"; };
		80B02755281BDF1C00B008D3 /* Base */ = {isa = PBXFileReference; lastKnownFileType = file.storyboard; name = Base; path = Base.lproj/LaunchScreen.storyboard; sourceTree = "<group>"; };
		80B02757281BDF1C00B008D3 /* Info.plist */ = {isa = PBXFileReference; lastKnownFileType = text.plist.xml; path = Info.plist; sourceTree = "<group>"; };
		80B0275C281BDF1C00B008D3 /* Gurukul PublicationsTests.xctest */ = {isa = PBXFileReference; explicitFileType = wrapper.cfbundle; includeInIndex = 0; path = "Gurukul PublicationsTests.xctest"; sourceTree = BUILT_PRODUCTS_DIR; };
		80B02760281BDF1C00B008D3 /* Gurukul_PublicationsTests.swift */ = {isa = PBXFileReference; lastKnownFileType = sourcecode.swift; path = Gurukul_PublicationsTests.swift; sourceTree = "<group>"; };
		80B02766281BDF1C00B008D3 /* Gurukul PublicationsUITests.xctest */ = {isa = PBXFileReference; explicitFileType = wrapper.cfbundle; includeInIndex = 0; path = "Gurukul PublicationsUITests.xctest"; sourceTree = BUILT_PRODUCTS_DIR; };
		80B0276A281BDF1C00B008D3 /* Gurukul_PublicationsUITests.swift */ = {isa = PBXFileReference; lastKnownFileType = sourcecode.swift; path = Gurukul_PublicationsUITests.swift; sourceTree = "<group>"; };
		80B0276C281BDF1C00B008D3 /* Gurukul_PublicationsUITestsLaunchTests.swift */ = {isa = PBXFileReference; lastKnownFileType = sourcecode.swift; path = Gurukul_PublicationsUITestsLaunchTests.swift; sourceTree = "<group>"; };
		80B02789281BE94900B008D3 /* UIView+Extension.swift */ = {isa = PBXFileReference; fileEncoding = 4; lastKnownFileType = sourcecode.swift; path = "UIView+Extension.swift"; sourceTree = "<group>"; };
		80B0278B281BE95600B008D3 /* Extensions.swift */ = {isa = PBXFileReference; fileEncoding = 4; lastKnownFileType = sourcecode.swift; path = Extensions.swift; sourceTree = "<group>"; };
		80B0278D281BED7D00B008D3 /* SignInViewController.swift */ = {isa = PBXFileReference; lastKnownFileType = sourcecode.swift; path = SignInViewController.swift; sourceTree = "<group>"; };
		80B0278F281C0D1F00B008D3 /* HomeViewController.swift */ = {isa = PBXFileReference; lastKnownFileType = sourcecode.swift; path = HomeViewController.swift; sourceTree = "<group>"; };
		80C6AA6E285C54060008E656 /* SampleListViewController.swift */ = {isa = PBXFileReference; lastKnownFileType = sourcecode.swift; path = SampleListViewController.swift; sourceTree = "<group>"; };
		80D944A128239DE60077E958 /* PurposeOfVisitViewController.swift */ = {isa = PBXFileReference; lastKnownFileType = sourcecode.swift; path = PurposeOfVisitViewController.swift; sourceTree = "<group>"; };
		C17A558C6DC7CE774F8FF200 /* Pods-Gurukul Publications.debug.xcconfig */ = {isa = PBXFileReference; includeInIndex = 1; lastKnownFileType = text.xcconfig; name = "Pods-Gurukul Publications.debug.xcconfig"; path = "Target Support Files/Pods-Gurukul Publications/Pods-Gurukul Publications.debug.xcconfig"; sourceTree = "<group>"; };
		D4B4651F53BABB66591EA6B7 /* Pods_Gurukul_Publications.framework */ = {isa = PBXFileReference; explicitFileType = wrapper.framework; includeInIndex = 0; path = Pods_Gurukul_Publications.framework; sourceTree = BUILT_PRODUCTS_DIR; };
		FA923CF3B6EA251996FAC5D4 /* Pods-Gurukul Publications.release.xcconfig */ = {isa = PBXFileReference; includeInIndex = 1; lastKnownFileType = text.xcconfig; name = "Pods-Gurukul Publications.release.xcconfig"; path = "Target Support Files/Pods-Gurukul Publications/Pods-Gurukul Publications.release.xcconfig"; sourceTree = "<group>"; };
/* End PBXFileReference section */

/* Begin PBXFrameworksBuildPhase section */
		80B02743281BDF1900B008D3 /* Frameworks */ = {
			isa = PBXFrameworksBuildPhase;
			buildActionMask = 2147483647;
			files = (
				9E7FA28DC135D742102407FB /* Pods_Gurukul_Publications.framework in Frameworks */,
			);
			runOnlyForDeploymentPostprocessing = 0;
		};
		80B02759281BDF1C00B008D3 /* Frameworks */ = {
			isa = PBXFrameworksBuildPhase;
			buildActionMask = 2147483647;
			files = (
			);
			runOnlyForDeploymentPostprocessing = 0;
		};
		80B02763281BDF1C00B008D3 /* Frameworks */ = {
			isa = PBXFrameworksBuildPhase;
			buildActionMask = 2147483647;
			files = (
			);
			runOnlyForDeploymentPostprocessing = 0;
		};
/* End PBXFrameworksBuildPhase section */

/* Begin PBXGroup section */
		0AC125690DEA15C2C091C401 /* Pods */ = {
			isa = PBXGroup;
			children = (
				C17A558C6DC7CE774F8FF200 /* Pods-Gurukul Publications.debug.xcconfig */,
				FA923CF3B6EA251996FAC5D4 /* Pods-Gurukul Publications.release.xcconfig */,
			);
			path = Pods;
			sourceTree = "<group>";
		};
		8071D39128928A8300E91BDC /* Helper */ = {
			isa = PBXGroup;
			children = (
				8071D39228928D1300E91BDC /* WebServices.swift */,
			);
			path = Helper;
			sourceTree = "<group>";
		};
		8071D39428928E2600E91BDC /* Model */ = {
			isa = PBXGroup;
			children = (
				8071D39528928E3F00E91BDC /* Login.swift */,
			);
			path = Model;
			sourceTree = "<group>";
		};
		807C6383285C6A9100D556A5 /* TableCell */ = {
			isa = PBXGroup;
			children = (
				807C6386285C6B2500D556A5 /* IndividualViewControllerCell.swift */,
				807C6388285C6B4600D556A5 /* PrimaryViewControllerCell.swift */,
				807C638A285C6B5E00D556A5 /* GroupViewControllerCell.swift */,
			);
			path = TableCell;
			sourceTree = "<group>";
		};
		80828FE82886AFD70079C0EC /* Constant */ = {
			isa = PBXGroup;
			children = (
				8073ED5C28913671009513BE /* Constant.swift */,
			);
			path = Constant;
			sourceTree = "<group>";
		};
		80B0273D281BDF1900B008D3 = {
			isa = PBXGroup;
			children = (
				80B02748281BDF1900B008D3 /* Gurukul Publications */,
				80B0275F281BDF1C00B008D3 /* Gurukul PublicationsTests */,
				80B02769281BDF1C00B008D3 /* Gurukul PublicationsUITests */,
				80B02747281BDF1900B008D3 /* Products */,
				0AC125690DEA15C2C091C401 /* Pods */,
				CBDFE66C358A04D6B6D90913 /* Frameworks */,
			);
			sourceTree = "<group>";
		};
		80B02747281BDF1900B008D3 /* Products */ = {
			isa = PBXGroup;
			children = (
				80B02746281BDF1900B008D3 /* Gurukul Publications.app */,
				80B0275C281BDF1C00B008D3 /* Gurukul PublicationsTests.xctest */,
				80B02766281BDF1C00B008D3 /* Gurukul PublicationsUITests.xctest */,
			);
			name = Products;
			sourceTree = "<group>";
		};
		80B02748281BDF1900B008D3 /* Gurukul Publications */ = {
			isa = PBXGroup;
			children = (
				8071D39428928E2600E91BDC /* Model */,
				8071D39128928A8300E91BDC /* Helper */,
				80B02783281BE89200B008D3 /* OtherClasses */,
				80828FE82886AFD70079C0EC /* Constant */,
				80B02779281BDF9000B008D3 /* Delegate */,
				80B0277A281BDF9C00B008D3 /* ViewControllers */,
				807C6383285C6A9100D556A5 /* TableCell */,
				80B0277B281BDFBD00B008D3 /* Storyboard */,
				80B0277C281BDFD100B008D3 /* SupportingFiles */,
			);
			path = "Gurukul Publications";
			sourceTree = "<group>";
		};
		80B0275F281BDF1C00B008D3 /* Gurukul PublicationsTests */ = {
			isa = PBXGroup;
			children = (
				80B02760281BDF1C00B008D3 /* Gurukul_PublicationsTests.swift */,
			);
			path = "Gurukul PublicationsTests";
			sourceTree = "<group>";
		};
		80B02769281BDF1C00B008D3 /* Gurukul PublicationsUITests */ = {
			isa = PBXGroup;
			children = (
				80B0276A281BDF1C00B008D3 /* Gurukul_PublicationsUITests.swift */,
				80B0276C281BDF1C00B008D3 /* Gurukul_PublicationsUITestsLaunchTests.swift */,
			);
			path = "Gurukul PublicationsUITests";
			sourceTree = "<group>";
		};
		80B02779281BDF9000B008D3 /* Delegate */ = {
			isa = PBXGroup;
			children = (
				80B02749281BDF1900B008D3 /* AppDelegate.swift */,
				80B0274B281BDF1900B008D3 /* SceneDelegate.swift */,
			);
			path = Delegate;
			sourceTree = "<group>";
		};
		80B0277A281BDF9C00B008D3 /* ViewControllers */ = {
			isa = PBXGroup;
			children = (
				80B0278D281BED7D00B008D3 /* SignInViewController.swift */,
				80605B6A28200457004126C2 /* ReportViewController.swift */,
				80605B6E2821141A004126C2 /* SchoolViewController.swift */,
				80AB29312858A068009002F6 /* OrderViewController.swift */,
				801538AC282273CD00DB4106 /* FormViewController.swift */,
				807C637C285C681800D556A5 /* PrimaryViewController.swift */,
				807C637E285C683900D556A5 /* IndividualViewController.swift */,
				806D14872822924C00631219 /* AddPartyViewController.swift */,
				807C6380285C685000D556A5 /* GroupViewController.swift */,
				80C6AA6E285C54060008E656 /* SampleListViewController.swift */,
				806D14892823829A00631219 /* SelectionCommitteeViewController.swift */,
				80D944A128239DE60077E958 /* PurposeOfVisitViewController.swift */,
				80ABA7502859FF5E00AAEE4A /* OTPViewController.swift */,
				80AB2933285996B6009002F6 /* PaymentViewController.swift */,
				80605B702821142E004126C2 /* PartyViewController.swift */,
				80B0278F281C0D1F00B008D3 /* HomeViewController.swift */,
				80605B6C28210162004126C2 /* ExpensesViewController.swift */,
			);
			path = ViewControllers;
			sourceTree = "<group>";
		};
		80B0277B281BDFBD00B008D3 /* Storyboard */ = {
			isa = PBXGroup;
			children = (
				80B0274F281BDF1900B008D3 /* Main.storyboard */,
				80B02754281BDF1C00B008D3 /* LaunchScreen.storyboard */,
			);
			path = Storyboard;
			sourceTree = "<group>";
		};
		80B0277C281BDFD100B008D3 /* SupportingFiles */ = {
			isa = PBXGroup;
			children = (
				80B02752281BDF1C00B008D3 /* Assets.xcassets */,
				80B02757281BDF1C00B008D3 /* Info.plist */,
			);
			path = SupportingFiles;
			sourceTree = "<group>";
		};
		80B02783281BE89200B008D3 /* OtherClasses */ = {
			isa = PBXGroup;
			children = (
				80B02788281BE93600B008D3 /* Extensions */,
			);
			path = OtherClasses;
			sourceTree = "<group>";
		};
		80B02788281BE93600B008D3 /* Extensions */ = {
			isa = PBXGroup;
			children = (
				80B0278B281BE95600B008D3 /* Extensions.swift */,
				80B02789281BE94900B008D3 /* UIView+Extension.swift */,
			);
			path = Extensions;
			sourceTree = "<group>";
		};
		CBDFE66C358A04D6B6D90913 /* Frameworks */ = {
			isa = PBXGroup;
			children = (
				D4B4651F53BABB66591EA6B7 /* Pods_Gurukul_Publications.framework */,
			);
			name = Frameworks;
			sourceTree = "<group>";
		};
/* End PBXGroup section */

/* Begin PBXNativeTarget section */
		80B02745281BDF1900B008D3 /* Gurukul Publications */ = {
			isa = PBXNativeTarget;
			buildConfigurationList = 80B02770281BDF1C00B008D3 /* Build configuration list for PBXNativeTarget "Gurukul Publications" */;
			buildPhases = (
				E0011F4A91107A9FAC49D053 /* [CP] Check Pods Manifest.lock */,
				80B02742281BDF1900B008D3 /* Sources */,
				80B02743281BDF1900B008D3 /* Frameworks */,
				80B02744281BDF1900B008D3 /* Resources */,
				98BFC69283925F7D039A429D /* [CP] Embed Pods Frameworks */,
			);
			buildRules = (
			);
			dependencies = (
			);
			name = "Gurukul Publications";
			productName = "Gurukul Publications";
			productReference = 80B02746281BDF1900B008D3 /* Gurukul Publications.app */;
			productType = "com.apple.product-type.application";
		};
		80B0275B281BDF1C00B008D3 /* Gurukul PublicationsTests */ = {
			isa = PBXNativeTarget;
			buildConfigurationList = 80B02773281BDF1C00B008D3 /* Build configuration list for PBXNativeTarget "Gurukul PublicationsTests" */;
			buildPhases = (
				80B02758281BDF1C00B008D3 /* Sources */,
				80B02759281BDF1C00B008D3 /* Frameworks */,
				80B0275A281BDF1C00B008D3 /* Resources */,
			);
			buildRules = (
			);
			dependencies = (
				80B0275E281BDF1C00B008D3 /* PBXTargetDependency */,
			);
			name = "Gurukul PublicationsTests";
			productName = "Gurukul PublicationsTests";
			productReference = 80B0275C281BDF1C00B008D3 /* Gurukul PublicationsTests.xctest */;
			productType = "com.apple.product-type.bundle.unit-test";
		};
		80B02765281BDF1C00B008D3 /* Gurukul PublicationsUITests */ = {
			isa = PBXNativeTarget;
			buildConfigurationList = 80B02776281BDF1C00B008D3 /* Build configuration list for PBXNativeTarget "Gurukul PublicationsUITests" */;
			buildPhases = (
				80B02762281BDF1C00B008D3 /* Sources */,
				80B02763281BDF1C00B008D3 /* Frameworks */,
				80B02764281BDF1C00B008D3 /* Resources */,
			);
			buildRules = (
			);
			dependencies = (
				80B02768281BDF1C00B008D3 /* PBXTargetDependency */,
			);
			name = "Gurukul PublicationsUITests";
			productName = "Gurukul PublicationsUITests";
			productReference = 80B02766281BDF1C00B008D3 /* Gurukul PublicationsUITests.xctest */;
			productType = "com.apple.product-type.bundle.ui-testing";
		};
/* End PBXNativeTarget section */

/* Begin PBXProject section */
		80B0273E281BDF1900B008D3 /* Project object */ = {
			isa = PBXProject;
			attributes = {
				BuildIndependentTargetsInParallel = 1;
				LastSwiftUpdateCheck = 1320;
				LastUpgradeCheck = 1320;
				TargetAttributes = {
					80B02745281BDF1900B008D3 = {
						CreatedOnToolsVersion = 13.2.1;
					};
					80B0275B281BDF1C00B008D3 = {
						CreatedOnToolsVersion = 13.2.1;
						TestTargetID = 80B02745281BDF1900B008D3;
					};
					80B02765281BDF1C00B008D3 = {
						CreatedOnToolsVersion = 13.2.1;
						TestTargetID = 80B02745281BDF1900B008D3;
					};
				};
			};
			buildConfigurationList = 80B02741281BDF1900B008D3 /* Build configuration list for PBXProject "Gurukul Publications" */;
			compatibilityVersion = "Xcode 13.0";
			developmentRegion = en;
			hasScannedForEncodings = 0;
			knownRegions = (
				en,
				Base,
			);
			mainGroup = 80B0273D281BDF1900B008D3;
			productRefGroup = 80B02747281BDF1900B008D3 /* Products */;
			projectDirPath = "";
			projectRoot = "";
			targets = (
				80B02745281BDF1900B008D3 /* Gurukul Publications */,
				80B0275B281BDF1C00B008D3 /* Gurukul PublicationsTests */,
				80B02765281BDF1C00B008D3 /* Gurukul PublicationsUITests */,
			);
		};
/* End PBXProject section */

/* Begin PBXResourcesBuildPhase section */
		80B02744281BDF1900B008D3 /* Resources */ = {
			isa = PBXResourcesBuildPhase;
			buildActionMask = 2147483647;
			files = (
				80B02756281BDF1C00B008D3 /* LaunchScreen.storyboard in Resources */,
				80B02753281BDF1C00B008D3 /* Assets.xcassets in Resources */,
				80B02751281BDF1900B008D3 /* Main.storyboard in Resources */,
			);
			runOnlyForDeploymentPostprocessing = 0;
		};
		80B0275A281BDF1C00B008D3 /* Resources */ = {
			isa = PBXResourcesBuildPhase;
			buildActionMask = 2147483647;
			files = (
			);
			runOnlyForDeploymentPostprocessing = 0;
		};
		80B02764281BDF1C00B008D3 /* Resources */ = {
			isa = PBXResourcesBuildPhase;
			buildActionMask = 2147483647;
			files = (
			);
			runOnlyForDeploymentPostprocessing = 0;
		};
/* End PBXResourcesBuildPhase section */

/* Begin PBXShellScriptBuildPhase section */
		98BFC69283925F7D039A429D /* [CP] Embed Pods Frameworks */ = {
			isa = PBXShellScriptBuildPhase;
			buildActionMask = 2147483647;
			files = (
			);
			inputFileListPaths = (
				"${PODS_ROOT}/Target Support Files/Pods-Gurukul Publications/Pods-Gurukul Publications-frameworks-${CONFIGURATION}-input-files.xcfilelist",
			);
			name = "[CP] Embed Pods Frameworks";
			outputFileListPaths = (
				"${PODS_ROOT}/Target Support Files/Pods-Gurukul Publications/Pods-Gurukul Publications-frameworks-${CONFIGURATION}-output-files.xcfilelist",
			);
			runOnlyForDeploymentPostprocessing = 0;
			shellPath = /bin/sh;
			shellScript = "\"${PODS_ROOT}/Target Support Files/Pods-Gurukul Publications/Pods-Gurukul Publications-frameworks.sh\"\n";
			showEnvVarsInLog = 0;
		};
		E0011F4A91107A9FAC49D053 /* [CP] Check Pods Manifest.lock */ = {
			isa = PBXShellScriptBuildPhase;
			buildActionMask = 2147483647;
			files = (
			);
			inputFileListPaths = (
			);
			inputPaths = (
				"${PODS_PODFILE_DIR_PATH}/Podfile.lock",
				"${PODS_ROOT}/Manifest.lock",
			);
			name = "[CP] Check Pods Manifest.lock";
			outputFileListPaths = (
			);
			outputPaths = (
				"$(DERIVED_FILE_DIR)/Pods-Gurukul Publications-checkManifestLockResult.txt",
			);
			runOnlyForDeploymentPostprocessing = 0;
			shellPath = /bin/sh;
			shellScript = "diff \"${PODS_PODFILE_DIR_PATH}/Podfile.lock\" \"${PODS_ROOT}/Manifest.lock\" > /dev/null\nif [ $? != 0 ] ; then\n    # print error to STDERR\n    echo \"error: The sandbox is not in sync with the Podfile.lock. Run 'pod install' or update your CocoaPods installation.\" >&2\n    exit 1\nfi\n# This output is used by Xcode 'outputs' to avoid re-running this script phase.\necho \"SUCCESS\" > \"${SCRIPT_OUTPUT_FILE_0}\"\n";
			showEnvVarsInLog = 0;
		};
/* End PBXShellScriptBuildPhase section */

/* Begin PBXSourcesBuildPhase section */
		80B02742281BDF1900B008D3 /* Sources */ = {
			isa = PBXSourcesBuildPhase;
			buildActionMask = 2147483647;
			files = (
				80B0278C281BE95600B008D3 /* Extensions.swift in Sources */,
				80AB2934285996B6009002F6 /* PaymentViewController.swift in Sources */,
				807C637D285C681800D556A5 /* PrimaryViewController.swift in Sources */,
				807C6389285C6B4600D556A5 /* PrimaryViewControllerCell.swift in Sources */,
				807C638B285C6B5E00D556A5 /* GroupViewControllerCell.swift in Sources */,
				801538AD282273CD00DB4106 /* FormViewController.swift in Sources */,
				807C6387285C6B2500D556A5 /* IndividualViewControllerCell.swift in Sources */,
				80605B6D28210162004126C2 /* ExpensesViewController.swift in Sources */,
				80B0274A281BDF1900B008D3 /* AppDelegate.swift in Sources */,
				807C6381285C685000D556A5 /* GroupViewController.swift in Sources */,
				80D944A228239DE60077E958 /* PurposeOfVisitViewController.swift in Sources */,
				80B0274C281BDF1900B008D3 /* SceneDelegate.swift in Sources */,
				80B0278E281BED7D00B008D3 /* SignInViewController.swift in Sources */,
				806D148A2823829A00631219 /* SelectionCommitteeViewController.swift in Sources */,
				80B0278A281BE94A00B008D3 /* UIView+Extension.swift in Sources */,
				8071D39628928E3F00E91BDC /* Login.swift in Sources */,
				80B02790281C0D1F00B008D3 /* HomeViewController.swift in Sources */,
				80605B6B28200457004126C2 /* ReportViewController.swift in Sources */,
				8073ED5D28913671009513BE /* Constant.swift in Sources */,
				8071D39328928D1300E91BDC /* WebServices.swift in Sources */,
				80C6AA6F285C54060008E656 /* SampleListViewController.swift in Sources */,
				80AB29322858A068009002F6 /* OrderViewController.swift in Sources */,
				80605B6F2821141A004126C2 /* SchoolViewController.swift in Sources */,
				80ABA7512859FF5F00AAEE4A /* OTPViewController.swift in Sources */,
				807C637F285C683900D556A5 /* IndividualViewController.swift in Sources */,
				80605B712821142E004126C2 /* PartyViewController.swift in Sources */,
				806D14882822924C00631219 /* AddPartyViewController.swift in Sources */,
			);
			runOnlyForDeploymentPostprocessing = 0;
		};
		80B02758281BDF1C00B008D3 /* Sources */ = {
			isa = PBXSourcesBuildPhase;
			buildActionMask = 2147483647;
			files = (
				80B02761281BDF1C00B008D3 /* Gurukul_PublicationsTests.swift in Sources */,
			);
			runOnlyForDeploymentPostprocessing = 0;
		};
		80B02762281BDF1C00B008D3 /* Sources */ = {
			isa = PBXSourcesBuildPhase;
			buildActionMask = 2147483647;
			files = (
				80B0276B281BDF1C00B008D3 /* Gurukul_PublicationsUITests.swift in Sources */,
				80B0276D281BDF1C00B008D3 /* Gurukul_PublicationsUITestsLaunchTests.swift in Sources */,
			);
			runOnlyForDeploymentPostprocessing = 0;
		};
/* End PBXSourcesBuildPhase section */

/* Begin PBXTargetDependency section */
		80B0275E281BDF1C00B008D3 /* PBXTargetDependency */ = {
			isa = PBXTargetDependency;
			target = 80B02745281BDF1900B008D3 /* Gurukul Publications */;
			targetProxy = 80B0275D281BDF1C00B008D3 /* PBXContainerItemProxy */;
		};
		80B02768281BDF1C00B008D3 /* PBXTargetDependency */ = {
			isa = PBXTargetDependency;
			target = 80B02745281BDF1900B008D3 /* Gurukul Publications */;
			targetProxy = 80B02767281BDF1C00B008D3 /* PBXContainerItemProxy */;
		};
/* End PBXTargetDependency section */

/* Begin PBXVariantGroup section */
		80B0274F281BDF1900B008D3 /* Main.storyboard */ = {
			isa = PBXVariantGroup;
			children = (
				80B02750281BDF1900B008D3 /* Base */,
			);
			name = Main.storyboard;
			sourceTree = "<group>";
		};
		80B02754281BDF1C00B008D3 /* LaunchScreen.storyboard */ = {
			isa = PBXVariantGroup;
			children = (
				80B02755281BDF1C00B008D3 /* Base */,
			);
			name = LaunchScreen.storyboard;
			sourceTree = "<group>";
		};
/* End PBXVariantGroup section */

/* Begin XCBuildConfiguration section */
		80B0276E281BDF1C00B008D3 /* Debug */ = {
			isa = XCBuildConfiguration;
			buildSettings = {
				ALWAYS_SEARCH_USER_PATHS = NO;
				CLANG_ANALYZER_NONNULL = YES;
				CLANG_ANALYZER_NUMBER_OBJECT_CONVERSION = YES_AGGRESSIVE;
				CLANG_CXX_LANGUAGE_STANDARD = "gnu++17";
				CLANG_CXX_LIBRARY = "libc++";
				CLANG_ENABLE_MODULES = YES;
				CLANG_ENABLE_OBJC_ARC = YES;
				CLANG_ENABLE_OBJC_WEAK = YES;
				CLANG_WARN_BLOCK_CAPTURE_AUTORELEASING = YES;
				CLANG_WARN_BOOL_CONVERSION = YES;
				CLANG_WARN_COMMA = YES;
				CLANG_WARN_CONSTANT_CONVERSION = YES;
				CLANG_WARN_DEPRECATED_OBJC_IMPLEMENTATIONS = YES;
				CLANG_WARN_DIRECT_OBJC_ISA_USAGE = YES_ERROR;
				CLANG_WARN_DOCUMENTATION_COMMENTS = YES;
				CLANG_WARN_EMPTY_BODY = YES;
				CLANG_WARN_ENUM_CONVERSION = YES;
				CLANG_WARN_INFINITE_RECURSION = YES;
				CLANG_WARN_INT_CONVERSION = YES;
				CLANG_WARN_NON_LITERAL_NULL_CONVERSION = YES;
				CLANG_WARN_OBJC_IMPLICIT_RETAIN_SELF = YES;
				CLANG_WARN_OBJC_LITERAL_CONVERSION = YES;
				CLANG_WARN_OBJC_ROOT_CLASS = YES_ERROR;
				CLANG_WARN_QUOTED_INCLUDE_IN_FRAMEWORK_HEADER = YES;
				CLANG_WARN_RANGE_LOOP_ANALYSIS = YES;
				CLANG_WARN_STRICT_PROTOTYPES = YES;
				CLANG_WARN_SUSPICIOUS_MOVE = YES;
				CLANG_WARN_UNGUARDED_AVAILABILITY = YES_AGGRESSIVE;
				CLANG_WARN_UNREACHABLE_CODE = YES;
				CLANG_WARN__DUPLICATE_METHOD_MATCH = YES;
				COPY_PHASE_STRIP = NO;
				DEBUG_INFORMATION_FORMAT = dwarf;
				ENABLE_STRICT_OBJC_MSGSEND = YES;
				ENABLE_TESTABILITY = YES;
				GCC_C_LANGUAGE_STANDARD = gnu11;
				GCC_DYNAMIC_NO_PIC = NO;
				GCC_NO_COMMON_BLOCKS = YES;
				GCC_OPTIMIZATION_LEVEL = 0;
				GCC_PREPROCESSOR_DEFINITIONS = (
					"DEBUG=1",
					"$(inherited)",
				);
				GCC_WARN_64_TO_32_BIT_CONVERSION = YES;
				GCC_WARN_ABOUT_RETURN_TYPE = YES_ERROR;
				GCC_WARN_UNDECLARED_SELECTOR = YES;
				GCC_WARN_UNINITIALIZED_AUTOS = YES_AGGRESSIVE;
				GCC_WARN_UNUSED_FUNCTION = YES;
				GCC_WARN_UNUSED_VARIABLE = YES;
				IPHONEOS_DEPLOYMENT_TARGET = 12.0;
				MTL_ENABLE_DEBUG_INFO = INCLUDE_SOURCE;
				MTL_FAST_MATH = YES;
				ONLY_ACTIVE_ARCH = YES;
				SDKROOT = iphoneos;
				SWIFT_ACTIVE_COMPILATION_CONDITIONS = DEBUG;
				SWIFT_OPTIMIZATION_LEVEL = "-Onone";
			};
			name = Debug;
		};
		80B0276F281BDF1C00B008D3 /* Release */ = {
			isa = XCBuildConfiguration;
			buildSettings = {
				ALWAYS_SEARCH_USER_PATHS = NO;
				CLANG_ANALYZER_NONNULL = YES;
				CLANG_ANALYZER_NUMBER_OBJECT_CONVERSION = YES_AGGRESSIVE;
				CLANG_CXX_LANGUAGE_STANDARD = "gnu++17";
				CLANG_CXX_LIBRARY = "libc++";
				CLANG_ENABLE_MODULES = YES;
				CLANG_ENABLE_OBJC_ARC = YES;
				CLANG_ENABLE_OBJC_WEAK = YES;
				CLANG_WARN_BLOCK_CAPTURE_AUTORELEASING = YES;
				CLANG_WARN_BOOL_CONVERSION = YES;
				CLANG_WARN_COMMA = YES;
				CLANG_WARN_CONSTANT_CONVERSION = YES;
				CLANG_WARN_DEPRECATED_OBJC_IMPLEMENTATIONS = YES;
				CLANG_WARN_DIRECT_OBJC_ISA_USAGE = YES_ERROR;
				CLANG_WARN_DOCUMENTATION_COMMENTS = YES;
				CLANG_WARN_EMPTY_BODY = YES;
				CLANG_WARN_ENUM_CONVERSION = YES;
				CLANG_WARN_INFINITE_RECURSION = YES;
				CLANG_WARN_INT_CONVERSION = YES;
				CLANG_WARN_NON_LITERAL_NULL_CONVERSION = YES;
				CLANG_WARN_OBJC_IMPLICIT_RETAIN_SELF = YES;
				CLANG_WARN_OBJC_LITERAL_CONVERSION = YES;
				CLANG_WARN_OBJC_ROOT_CLASS = YES_ERROR;
				CLANG_WARN_QUOTED_INCLUDE_IN_FRAMEWORK_HEADER = YES;
				CLANG_WARN_RANGE_LOOP_ANALYSIS = YES;
				CLANG_WARN_STRICT_PROTOTYPES = YES;
				CLANG_WARN_SUSPICIOUS_MOVE = YES;
				CLANG_WARN_UNGUARDED_AVAILABILITY = YES_AGGRESSIVE;
				CLANG_WARN_UNREACHABLE_CODE = YES;
				CLANG_WARN__DUPLICATE_METHOD_MATCH = YES;
				COPY_PHASE_STRIP = NO;
				DEBUG_INFORMATION_FORMAT = "dwarf-with-dsym";
				ENABLE_NS_ASSERTIONS = NO;
				ENABLE_STRICT_OBJC_MSGSEND = YES;
				GCC_C_LANGUAGE_STANDARD = gnu11;
				GCC_NO_COMMON_BLOCKS = YES;
				GCC_WARN_64_TO_32_BIT_CONVERSION = YES;
				GCC_WARN_ABOUT_RETURN_TYPE = YES_ERROR;
				GCC_WARN_UNDECLARED_SELECTOR = YES;
				GCC_WARN_UNINITIALIZED_AUTOS = YES_AGGRESSIVE;
				GCC_WARN_UNUSED_FUNCTION = YES;
				GCC_WARN_UNUSED_VARIABLE = YES;
				IPHONEOS_DEPLOYMENT_TARGET = 12.0;
				MTL_ENABLE_DEBUG_INFO = NO;
				MTL_FAST_MATH = YES;
				ONLY_ACTIVE_ARCH = YES;
				SDKROOT = iphoneos;
				SWIFT_COMPILATION_MODE = wholemodule;
				SWIFT_OPTIMIZATION_LEVEL = "-O";
				VALIDATE_PRODUCT = YES;
			};
			name = Release;
		};
		80B02771281BDF1C00B008D3 /* Debug */ = {
			isa = XCBuildConfiguration;
			baseConfigurationReference = C17A558C6DC7CE774F8FF200 /* Pods-Gurukul Publications.debug.xcconfig */;
			buildSettings = {
				ASSETCATALOG_COMPILER_APPICON_NAME = AppIcon;
				ASSETCATALOG_COMPILER_GLOBAL_ACCENT_COLOR_NAME = AccentColor;
				CODE_SIGN_STYLE = Automatic;
				CURRENT_PROJECT_VERSION = 1;
				DEVELOPMENT_TEAM = T5DY39F2BR;
				GENERATE_INFOPLIST_FILE = YES;
				INFOPLIST_FILE = "Gurukul Publications/Info.plist";
				INFOPLIST_KEY_NSCameraUsageDescription = "This app use camera to add image";
				INFOPLIST_KEY_UIApplicationSupportsIndirectInputEvents = YES;
				INFOPLIST_KEY_UILaunchStoryboardName = LaunchScreen;
				INFOPLIST_KEY_UIMainStoryboardFile = Main;
				INFOPLIST_KEY_UIRequiresFullScreen = YES;
				INFOPLIST_KEY_UISupportedInterfaceOrientations = UIInterfaceOrientationPortrait;
				INFOPLIST_KEY_UISupportedInterfaceOrientations_iPad = "UIInterfaceOrientationPortrait UIInterfaceOrientationPortraitUpsideDown";
				INFOPLIST_KEY_UISupportedInterfaceOrientations_iPhone = "UIInterfaceOrientationPortrait UIInterfaceOrientationLandscapeLeft UIInterfaceOrientationLandscapeRight";
				INFOPLIST_KEY_UIUserInterfaceStyle = Light;
				IPHONEOS_DEPLOYMENT_TARGET = 12.0;
				LD_RUNPATH_SEARCH_PATHS = (
					"$(inherited)",
					"@executable_path/Frameworks",
				);
				MARKETING_VERSION = 1.0;
				PRODUCT_BUNDLE_IDENTIFIER = org.gurukulpublications;
				PRODUCT_NAME = "$(TARGET_NAME)";
				SWIFT_EMIT_LOC_STRINGS = YES;
				SWIFT_VERSION = 5.0;
				TARGETED_DEVICE_FAMILY = 1;
			};
			name = Debug;
		};
		80B02772281BDF1C00B008D3 /* Release */ = {
			isa = XCBuildConfiguration;
			baseConfigurationReference = FA923CF3B6EA251996FAC5D4 /* Pods-Gurukul Publications.release.xcconfig */;
			buildSettings = {
				ASSETCATALOG_COMPILER_APPICON_NAME = AppIcon;
				ASSETCATALOG_COMPILER_GLOBAL_ACCENT_COLOR_NAME = AccentColor;
				CODE_SIGN_STYLE = Automatic;
				CURRENT_PROJECT_VERSION = 1;
				DEVELOPMENT_TEAM = T5DY39F2BR;
				GENERATE_INFOPLIST_FILE = YES;
				INFOPLIST_FILE = "Gurukul Publications/Info.plist";
				INFOPLIST_KEY_NSCameraUsageDescription = "This app use camera to add image";
				INFOPLIST_KEY_UIApplicationSupportsIndirectInputEvents = YES;
				INFOPLIST_KEY_UILaunchStoryboardName = LaunchScreen;
				INFOPLIST_KEY_UIMainStoryboardFile = Main;
				INFOPLIST_KEY_UIRequiresFullScreen = YES;
				INFOPLIST_KEY_UISupportedInterfaceOrientations = UIInterfaceOrientationPortrait;
				INFOPLIST_KEY_UISupportedInterfaceOrientations_iPad = "UIInterfaceOrientationPortrait UIInterfaceOrientationPortraitUpsideDown";
				INFOPLIST_KEY_UISupportedInterfaceOrientations_iPhone = "UIInterfaceOrientationPortrait UIInterfaceOrientationLandscapeLeft UIInterfaceOrientationLandscapeRight";
				INFOPLIST_KEY_UIUserInterfaceStyle = Light;
				IPHONEOS_DEPLOYMENT_TARGET = 12.0;
				LD_RUNPATH_SEARCH_PATHS = (
					"$(inherited)",
					"@executable_path/Frameworks",
				);
				MARKETING_VERSION = 1.0;
				PRODUCT_BUNDLE_IDENTIFIER = org.gurukulpublications;
				PRODUCT_NAME = "$(TARGET_NAME)";
				SWIFT_EMIT_LOC_STRINGS = YES;
				SWIFT_VERSION = 5.0;
				TARGETED_DEVICE_FAMILY = 1;
			};
			name = Release;
		};
		80B02774281BDF1C00B008D3 /* Debug */ = {
			isa = XCBuildConfiguration;
			buildSettings = {
				ALWAYS_EMBED_SWIFT_STANDARD_LIBRARIES = YES;
				BUNDLE_LOADER = "$(TEST_HOST)";
				CODE_SIGN_STYLE = Automatic;
				CURRENT_PROJECT_VERSION = 1;
				GENERATE_INFOPLIST_FILE = YES;
				IPHONEOS_DEPLOYMENT_TARGET = 15.2;
				MARKETING_VERSION = 1.0;
				PRODUCT_BUNDLE_IDENTIFIER = "org.gurukulpublications.Gurukul-PublicationsTests";
				PRODUCT_NAME = "$(TARGET_NAME)";
				SWIFT_EMIT_LOC_STRINGS = NO;
				SWIFT_VERSION = 5.0;
				TARGETED_DEVICE_FAMILY = "1,2";
				TEST_HOST = "$(BUILT_PRODUCTS_DIR)/Gurukul Publications.app/Gurukul Publications";
			};
			name = Debug;
		};
		80B02775281BDF1C00B008D3 /* Release */ = {
			isa = XCBuildConfiguration;
			buildSettings = {
				ALWAYS_EMBED_SWIFT_STANDARD_LIBRARIES = YES;
				BUNDLE_LOADER = "$(TEST_HOST)";
				CODE_SIGN_STYLE = Automatic;
				CURRENT_PROJECT_VERSION = 1;
				GENERATE_INFOPLIST_FILE = YES;
				IPHONEOS_DEPLOYMENT_TARGET = 15.2;
				MARKETING_VERSION = 1.0;
				PRODUCT_BUNDLE_IDENTIFIER = "org.gurukulpublications.Gurukul-PublicationsTests";
				PRODUCT_NAME = "$(TARGET_NAME)";
				SWIFT_EMIT_LOC_STRINGS = NO;
				SWIFT_VERSION = 5.0;
				TARGETED_DEVICE_FAMILY = "1,2";
				TEST_HOST = "$(BUILT_PRODUCTS_DIR)/Gurukul Publications.app/Gurukul Publications";
			};
			name = Release;
		};
		80B02777281BDF1C00B008D3 /* Debug */ = {
			isa = XCBuildConfiguration;
			buildSettings = {
				ALWAYS_EMBED_SWIFT_STANDARD_LIBRARIES = YES;
				CODE_SIGN_STYLE = Automatic;
				CURRENT_PROJECT_VERSION = 1;
				GENERATE_INFOPLIST_FILE = YES;
				MARKETING_VERSION = 1.0;
				PRODUCT_BUNDLE_IDENTIFIER = "org.gurukulpublications.Gurukul-PublicationsUITests";
				PRODUCT_NAME = "$(TARGET_NAME)";
				SWIFT_EMIT_LOC_STRINGS = NO;
				SWIFT_VERSION = 5.0;
				TARGETED_DEVICE_FAMILY = "1,2";
				TEST_TARGET_NAME = "Gurukul Publications";
			};
			name = Debug;
		};
		80B02778281BDF1C00B008D3 /* Release */ = {
			isa = XCBuildConfiguration;
			buildSettings = {
				ALWAYS_EMBED_SWIFT_STANDARD_LIBRARIES = YES;
				CODE_SIGN_STYLE = Automatic;
				CURRENT_PROJECT_VERSION = 1;
				GENERATE_INFOPLIST_FILE = YES;
				MARKETING_VERSION = 1.0;
				PRODUCT_BUNDLE_IDENTIFIER = "org.gurukulpublications.Gurukul-PublicationsUITests";
				PRODUCT_NAME = "$(TARGET_NAME)";
				SWIFT_EMIT_LOC_STRINGS = NO;
				SWIFT_VERSION = 5.0;
				TARGETED_DEVICE_FAMILY = "1,2";
				TEST_TARGET_NAME = "Gurukul Publications";
			};
			name = Release;
		};
/* End XCBuildConfiguration section */

/* Begin XCConfigurationList section */
		80B02741281BDF1900B008D3 /* Build configuration list for PBXProject "Gurukul Publications" */ = {
			isa = XCConfigurationList;
			buildConfigurations = (
				80B0276E281BDF1C00B008D3 /* Debug */,
				80B0276F281BDF1C00B008D3 /* Release */,
			);
			defaultConfigurationIsVisible = 0;
			defaultConfigurationName = Release;
		};
		80B02770281BDF1C00B008D3 /* Build configuration list for PBXNativeTarget "Gurukul Publications" */ = {
			isa = XCConfigurationList;
			buildConfigurations = (
				80B02771281BDF1C00B008D3 /* Debug */,
				80B02772281BDF1C00B008D3 /* Release */,
			);
			defaultConfigurationIsVisible = 0;
			defaultConfigurationName = Release;
		};
		80B02773281BDF1C00B008D3 /* Build configuration list for PBXNativeTarget "Gurukul PublicationsTests" */ = {
			isa = XCConfigurationList;
			buildConfigurations = (
				80B02774281BDF1C00B008D3 /* Debug */,
				80B02775281BDF1C00B008D3 /* Release */,
			);
			defaultConfigurationIsVisible = 0;
			defaultConfigurationName = Release;
		};
		80B02776281BDF1C00B008D3 /* Build configuration list for PBXNativeTarget "Gurukul PublicationsUITests" */ = {
			isa = XCConfigurationList;
			buildConfigurations = (
				80B02777281BDF1C00B008D3 /* Debug */,
				80B02778281BDF1C00B008D3 /* Release */,
			);
			defaultConfigurationIsVisible = 0;
			defaultConfigurationName = Release;
		};
/* End XCConfigurationList section */
	};
	rootObject = 80B0273E281BDF1900B008D3 /* Project object */;
}
